// !$*UTF8*$!
{
	archiveVersion = 1;
	classes = {
	};
	objectVersion = 56;
	objects = {

/* Begin PBXBuildFile section */
		7A2D29E02D3DF049004C11E0 /* TradingApp.swift in Sources */ = {isa = PBXBuildFile; fileRef = 7A2D29DF2D3DF049004C11E0 /* TradingApp.swift */; };
		7A2D29E22D3DF049004C11E0 /* Persistence.swift in Sources */ = {isa = PBXBuildFile; fileRef = 7A2D29E12D3DF049004C11E0 /* Persistence.swift */; };
		7A2D29E52D3DF049004C11E0 /* Trading.xcdatamodeld in Sources */ = {isa = PBXBuildFile; fileRef = 7A2D29E32D3DF049004C11E0 /* Trading.xcdatamodeld */; };
		7A2D29E72D3DF049004C11E0 /* ContentView.swift in Sources */ = {isa = PBXBuildFile; fileRef = 7A2D29E62D3DF049004C11E0 /* ContentView.swift */; };
		7A2D29E92D3DF050004C11E0 /* Assets.xcassets in Resources */ = {isa = PBXBuildFile; fileRef = 7A2D29E82D3DF050004C11E0 /* Assets.xcassets */; };
		7A2D29ED2D3DF050004C11E0 /* Preview Assets.xcassets in Resources */ = {isa = PBXBuildFile; fileRef = 7A2D29EC2D3DF050004C11E0 /* Preview Assets.xcassets */; };
		7A2D2A012D3DF050004C11E0 /* TradingUITests.swift in Sources */ = {isa = PBXBuildFile; fileRef = 7A2D2A002D3DF050004C11E0 /* TradingUITests.swift */; };
		7A2D2A032D3DF050004C11E0 /* TradingUITestsLaunchTests.swift in Sources */ = {isa = PBXBuildFile; fileRef = 7A2D2A022D3DF050004C11E0 /* TradingUITestsLaunchTests.swift */; };
		7A2D2A112D3DF540004C11E0 /* ApiStocks in Frameworks */ = {isa = PBXBuildFile; productRef = 7A2D2A102D3DF540004C11E0 /* ApiStocks */; };
		7A2D2A142D3F29B6004C11E0 /* TickerListRowData.swift in Sources */ = {isa = PBXBuildFile; fileRef = 7A2D2A132D3F29B6004C11E0 /* TickerListRowData.swift */; };
		7A2D2A172D3F2D63004C11E0 /* TickerListRowView.swift in Sources */ = {isa = PBXBuildFile; fileRef = 7A2D2A162D3F2D63004C11E0 /* TickerListRowView.swift */; };
		7A2D2A1A2D3F57CA004C11E0 /* EmptyStateView.swift in Sources */ = {isa = PBXBuildFile; fileRef = 7A2D2A192D3F57CA004C11E0 /* EmptyStateView.swift */; };
		7A2D2A1C2D3F5A03004C11E0 /* ErrorStateView.swift in Sources */ = {isa = PBXBuildFile; fileRef = 7A2D2A1B2D3F5A03004C11E0 /* ErrorStateView.swift */; };
		7A2D2A1E2D3F5B3A004C11E0 /* LoadingStateView.swift in Sources */ = {isa = PBXBuildFile; fileRef = 7A2D2A1D2D3F5B3A004C11E0 /* LoadingStateView.swift */; };
		7A2D2A212D3F83B6004C11E0 /* AppViewModel.swift in Sources */ = {isa = PBXBuildFile; fileRef = 7A2D2A202D3F83B6004C11E0 /* AppViewModel.swift */; };
		7A2D2A252D40AFB6004C11E0 /* Stubs.swift in Sources */ = {isa = PBXBuildFile; fileRef = 7A2D2A242D40AFB6004C11E0 /* Stubs.swift */; };
		7A2D2A272D40C50B004C11E0 /* MockStocksApi.swift in Sources */ = {isa = PBXBuildFile; fileRef = 7A2D2A262D40C50B004C11E0 /* MockStocksApi.swift */; };
		7A2D2A2A2D40C6DF004C11E0 /* StocksApi.swift in Sources */ = {isa = PBXBuildFile; fileRef = 7A2D2A292D40C6DF004C11E0 /* StocksApi.swift */; };
		7A2D2A2C2D40C877004C11E0 /* MockTickerList.swift in Sources */ = {isa = PBXBuildFile; fileRef = 7A2D2A2B2D40C877004C11E0 /* MockTickerList.swift */; };
		7A2D2A2E2D40C8B1004C11E0 /* TickerList.swift in Sources */ = {isa = PBXBuildFile; fileRef = 7A2D2A2D2D40C8B1004C11E0 /* TickerList.swift */; };
		7A2D2A302D41F708004C11E0 /* SearchViewModel.swift in Sources */ = {isa = PBXBuildFile; fileRef = 7A2D2A2F2D41F708004C11E0 /* SearchViewModel.swift */; };
		7A2D2A322D41F847004C11E0 /* FetchPhase.swift in Sources */ = {isa = PBXBuildFile; fileRef = 7A2D2A312D41F847004C11E0 /* FetchPhase.swift */; };
		7A2D2A342D42006D004C11E0 /* Utils.swift in Sources */ = {isa = PBXBuildFile; fileRef = 7A2D2A332D42006D004C11E0 /* Utils.swift */; };
		7A2D2A362D4202FA004C11E0 /* QuoteViewModel.swift in Sources */ = {isa = PBXBuildFile; fileRef = 7A2D2A352D4202FA004C11E0 /* QuoteViewModel.swift */; };
		7A2D2A392D420367004C11E0 /* Quotes+Extensions.swift in Sources */ = {isa = PBXBuildFile; fileRef = 7A2D2A382D420367004C11E0 /* Quotes+Extensions.swift */; };
		7A2D2A3B2D42054C004C11E0 /* MainView.swift in Sources */ = {isa = PBXBuildFile; fileRef = 7A2D2A3A2D42054C004C11E0 /* MainView.swift */; };
		7A2D2A492D44A1DD004C11E0 /* TradingTests.swift in Sources */ = {isa = PBXBuildFile; fileRef = 7A2D29F62D3DF050004C11E0 /* TradingTests.swift */; };
		7A2D2A4A2D44A260004C11E0 /* MockStocksApi.swift in Sources */ = {isa = PBXBuildFile; fileRef = 7A2D2A262D40C50B004C11E0 /* MockStocksApi.swift */; };
		7A2D2A4B2D44A26B004C11E0 /* MockTickerList.swift in Sources */ = {isa = PBXBuildFile; fileRef = 7A2D2A2B2D40C877004C11E0 /* MockTickerList.swift */; };
		7A2D2A4C2D44A26E004C11E0 /* Stubs.swift in Sources */ = {isa = PBXBuildFile; fileRef = 7A2D2A242D40AFB6004C11E0 /* Stubs.swift */; };
		7A2D2A4D2D44A3C3004C11E0 /* QuoteViewModel.swift in Sources */ = {isa = PBXBuildFile; fileRef = 7A2D2A352D4202FA004C11E0 /* QuoteViewModel.swift */; };
/* End PBXBuildFile section */

/* Begin PBXContainerItemProxy section */
		7A2D29F32D3DF050004C11E0 /* PBXContainerItemProxy */ = {
			isa = PBXContainerItemProxy;
			containerPortal = 7A2D29D42D3DF049004C11E0 /* Project object */;
			proxyType = 1;
			remoteGlobalIDString = 7A2D29DB2D3DF049004C11E0;
			remoteInfo = Trading;
		};
		7A2D29FD2D3DF050004C11E0 /* PBXContainerItemProxy */ = {
			isa = PBXContainerItemProxy;
			containerPortal = 7A2D29D42D3DF049004C11E0 /* Project object */;
			proxyType = 1;
			remoteGlobalIDString = 7A2D29DB2D3DF049004C11E0;
			remoteInfo = Trading;
		};
		7A2D2A442D449E09004C11E0 /* PBXContainerItemProxy */ = {
			isa = PBXContainerItemProxy;
			containerPortal = 7A2D29D42D3DF049004C11E0 /* Project object */;
			proxyType = 1;
			remoteGlobalIDString = 7A2D29DB2D3DF049004C11E0;
			remoteInfo = Trading;
		};
/* End PBXContainerItemProxy section */

/* Begin PBXFileReference section */
		7A2D29DC2D3DF049004C11E0 /* AlphaTrading.app */ = {isa = PBXFileReference; explicitFileType = wrapper.application; includeInIndex = 0; path = AlphaTrading.app; sourceTree = BUILT_PRODUCTS_DIR; };
		7A2D29DF2D3DF049004C11E0 /* TradingApp.swift */ = {isa = PBXFileReference; lastKnownFileType = sourcecode.swift; path = TradingApp.swift; sourceTree = "<group>"; };
		7A2D29E12D3DF049004C11E0 /* Persistence.swift */ = {isa = PBXFileReference; lastKnownFileType = sourcecode.swift; path = Persistence.swift; sourceTree = "<group>"; };
		7A2D29E42D3DF049004C11E0 /* Trading.xcdatamodel */ = {isa = PBXFileReference; lastKnownFileType = wrapper.xcdatamodel; path = Trading.xcdatamodel; sourceTree = "<group>"; };
		7A2D29E62D3DF049004C11E0 /* ContentView.swift */ = {isa = PBXFileReference; lastKnownFileType = sourcecode.swift; path = ContentView.swift; sourceTree = "<group>"; };
		7A2D29E82D3DF050004C11E0 /* Assets.xcassets */ = {isa = PBXFileReference; lastKnownFileType = folder.assetcatalog; path = Assets.xcassets; sourceTree = "<group>"; };
		7A2D29EA2D3DF050004C11E0 /* Trading.entitlements */ = {isa = PBXFileReference; lastKnownFileType = text.plist.entitlements; path = Trading.entitlements; sourceTree = "<group>"; };
		7A2D29EC2D3DF050004C11E0 /* Preview Assets.xcassets */ = {isa = PBXFileReference; lastKnownFileType = folder.assetcatalog; path = "Preview Assets.xcassets"; sourceTree = "<group>"; };
		7A2D29F22D3DF050004C11E0 /* AlphaTradingTests.xctest */ = {isa = PBXFileReference; explicitFileType = wrapper.cfbundle; includeInIndex = 0; path = AlphaTradingTests.xctest; sourceTree = BUILT_PRODUCTS_DIR; };
		7A2D29F62D3DF050004C11E0 /* TradingTests.swift */ = {isa = PBXFileReference; lastKnownFileType = sourcecode.swift; path = TradingTests.swift; sourceTree = "<group>"; };
		7A2D29FC2D3DF050004C11E0 /* AlphaTradingUITests.xctest */ = {isa = PBXFileReference; explicitFileType = wrapper.cfbundle; includeInIndex = 0; path = AlphaTradingUITests.xctest; sourceTree = BUILT_PRODUCTS_DIR; };
		7A2D2A002D3DF050004C11E0 /* TradingUITests.swift */ = {isa = PBXFileReference; lastKnownFileType = sourcecode.swift; path = TradingUITests.swift; sourceTree = "<group>"; };
		7A2D2A022D3DF050004C11E0 /* TradingUITestsLaunchTests.swift */ = {isa = PBXFileReference; lastKnownFileType = sourcecode.swift; path = TradingUITestsLaunchTests.swift; sourceTree = "<group>"; };
		7A2D2A132D3F29B6004C11E0 /* TickerListRowData.swift */ = {isa = PBXFileReference; lastKnownFileType = sourcecode.swift; path = TickerListRowData.swift; sourceTree = "<group>"; };
		7A2D2A162D3F2D63004C11E0 /* TickerListRowView.swift */ = {isa = PBXFileReference; lastKnownFileType = sourcecode.swift; path = TickerListRowView.swift; sourceTree = "<group>"; };
		7A2D2A192D3F57CA004C11E0 /* EmptyStateView.swift */ = {isa = PBXFileReference; lastKnownFileType = sourcecode.swift; path = EmptyStateView.swift; sourceTree = "<group>"; };
		7A2D2A1B2D3F5A03004C11E0 /* ErrorStateView.swift */ = {isa = PBXFileReference; lastKnownFileType = sourcecode.swift; path = ErrorStateView.swift; sourceTree = "<group>"; };
		7A2D2A1D2D3F5B3A004C11E0 /* LoadingStateView.swift */ = {isa = PBXFileReference; lastKnownFileType = sourcecode.swift; path = LoadingStateView.swift; sourceTree = "<group>"; };
		7A2D2A202D3F83B6004C11E0 /* AppViewModel.swift */ = {isa = PBXFileReference; lastKnownFileType = sourcecode.swift; path = AppViewModel.swift; sourceTree = "<group>"; };
		7A2D2A242D40AFB6004C11E0 /* Stubs.swift */ = {isa = PBXFileReference; lastKnownFileType = sourcecode.swift; path = Stubs.swift; sourceTree = "<group>"; };
		7A2D2A262D40C50B004C11E0 /* MockStocksApi.swift */ = {isa = PBXFileReference; lastKnownFileType = sourcecode.swift; path = MockStocksApi.swift; sourceTree = "<group>"; };
		7A2D2A292D40C6DF004C11E0 /* StocksApi.swift */ = {isa = PBXFileReference; lastKnownFileType = sourcecode.swift; path = StocksApi.swift; sourceTree = "<group>"; };
		7A2D2A2B2D40C877004C11E0 /* MockTickerList.swift */ = {isa = PBXFileReference; lastKnownFileType = sourcecode.swift; path = MockTickerList.swift; sourceTree = "<group>"; };
		7A2D2A2D2D40C8B1004C11E0 /* TickerList.swift */ = {isa = PBXFileReference; lastKnownFileType = sourcecode.swift; path = TickerList.swift; sourceTree = "<group>"; };
		7A2D2A2F2D41F708004C11E0 /* SearchViewModel.swift */ = {isa = PBXFileReference; lastKnownFileType = sourcecode.swift; path = SearchViewModel.swift; sourceTree = "<group>"; };
		7A2D2A312D41F847004C11E0 /* FetchPhase.swift */ = {isa = PBXFileReference; lastKnownFileType = sourcecode.swift; path = FetchPhase.swift; sourceTree = "<group>"; };
		7A2D2A332D42006D004C11E0 /* Utils.swift */ = {isa = PBXFileReference; lastKnownFileType = sourcecode.swift; path = Utils.swift; sourceTree = "<group>"; };
		7A2D2A352D4202FA004C11E0 /* QuoteViewModel.swift */ = {isa = PBXFileReference; lastKnownFileType = sourcecode.swift; path = QuoteViewModel.swift; sourceTree = "<group>"; };
		7A2D2A382D420367004C11E0 /* Quotes+Extensions.swift */ = {isa = PBXFileReference; lastKnownFileType = sourcecode.swift; path = "Quotes+Extensions.swift"; sourceTree = "<group>"; };
		7A2D2A3A2D42054C004C11E0 /* MainView.swift */ = {isa = PBXFileReference; lastKnownFileType = sourcecode.swift; path = MainView.swift; sourceTree = "<group>"; };
		7A2D2A402D449E09004C11E0 /* StockAlphaTradingTests.xctest */ = {isa = PBXFileReference; explicitFileType = wrapper.cfbundle; includeInIndex = 0; path = StockAlphaTradingTests.xctest; sourceTree = BUILT_PRODUCTS_DIR; };
/* End PBXFileReference section */

/* Begin PBXFrameworksBuildPhase section */
		7A2D29D92D3DF049004C11E0 /* Frameworks */ = {
			isa = PBXFrameworksBuildPhase;
			buildActionMask = 2147483647;
			files = (
				7A2D2A112D3DF540004C11E0 /* ApiStocks in Frameworks */,
			);
			runOnlyForDeploymentPostprocessing = 0;
		};
		7A2D29EF2D3DF050004C11E0 /* Frameworks */ = {
			isa = PBXFrameworksBuildPhase;
			buildActionMask = 2147483647;
			files = (
			);
			runOnlyForDeploymentPostprocessing = 0;
		};
		7A2D29F92D3DF050004C11E0 /* Frameworks */ = {
			isa = PBXFrameworksBuildPhase;
			buildActionMask = 2147483647;
			files = (
			);
			runOnlyForDeploymentPostprocessing = 0;
		};
		7A2D2A3D2D449E09004C11E0 /* Frameworks */ = {
			isa = PBXFrameworksBuildPhase;
			buildActionMask = 2147483647;
			files = (
			);
			runOnlyForDeploymentPostprocessing = 0;
		};
/* End PBXFrameworksBuildPhase section */

/* Begin PBXGroup section */
		7A2D29D32D3DF049004C11E0 = {
			isa = PBXGroup;
			children = (
				7A2D29DE2D3DF049004C11E0 /* Trading */,
				7A2D29F52D3DF050004C11E0 /* TradingTests */,
				7A2D29FF2D3DF050004C11E0 /* TradingUITests */,
				7A2D29DD2D3DF049004C11E0 /* Products */,
			);
			sourceTree = "<group>";
		};
		7A2D29DD2D3DF049004C11E0 /* Products */ = {
			isa = PBXGroup;
			children = (
				7A2D29DC2D3DF049004C11E0 /* AlphaTrading.app */,
				7A2D29F22D3DF050004C11E0 /* AlphaTradingTests.xctest */,
				7A2D29FC2D3DF050004C11E0 /* AlphaTradingUITests.xctest */,
				7A2D2A402D449E09004C11E0 /* StockAlphaTradingTests.xctest */,
			);
			name = Products;
			sourceTree = "<group>";
		};
		7A2D29DE2D3DF049004C11E0 /* Trading */ = {
			isa = PBXGroup;
			children = (
				7A2D2A232D40AF88004C11E0 /* Mocks & Stubs */,
				7A2D2A372D420355004C11E0 /* Extensions */,
				7A2D2A282D40C67C004C11E0 /* Services */,
				7A2D2A1F2D3F839A004C11E0 /* View-Models */,
				7A2D2A152D3F2D50004C11E0 /* Views */,
				7A2D2A122D3F298F004C11E0 /* Models */,
				7A2D29DF2D3DF049004C11E0 /* TradingApp.swift */,
				7A2D29E12D3DF049004C11E0 /* Persistence.swift */,
				7A2D29E62D3DF049004C11E0 /* ContentView.swift */,
				7A2D29E82D3DF050004C11E0 /* Assets.xcassets */,
				7A2D29EA2D3DF050004C11E0 /* Trading.entitlements */,
				7A2D29E32D3DF049004C11E0 /* Trading.xcdatamodeld */,
				7A2D29EB2D3DF050004C11E0 /* Preview Content */,
				7A2D2A332D42006D004C11E0 /* Utils.swift */,
			);
			path = Trading;
			sourceTree = "<group>";
		};
		7A2D29EB2D3DF050004C11E0 /* Preview Content */ = {
			isa = PBXGroup;
			children = (
				7A2D29EC2D3DF050004C11E0 /* Preview Assets.xcassets */,
			);
			path = "Preview Content";
			sourceTree = "<group>";
		};
		7A2D29F52D3DF050004C11E0 /* TradingTests */ = {
			isa = PBXGroup;
			children = (
				7A2D29F62D3DF050004C11E0 /* TradingTests.swift */,
			);
			path = TradingTests;
			sourceTree = "<group>";
		};
		7A2D29FF2D3DF050004C11E0 /* TradingUITests */ = {
			isa = PBXGroup;
			children = (
				7A2D2A002D3DF050004C11E0 /* TradingUITests.swift */,
				7A2D2A022D3DF050004C11E0 /* TradingUITestsLaunchTests.swift */,
			);
			path = TradingUITests;
			sourceTree = "<group>";
		};
		7A2D2A122D3F298F004C11E0 /* Models */ = {
			isa = PBXGroup;
			children = (
				7A2D2A132D3F29B6004C11E0 /* TickerListRowData.swift */,
				7A2D2A312D41F847004C11E0 /* FetchPhase.swift */,
			);
			path = Models;
			sourceTree = "<group>";
		};
		7A2D2A152D3F2D50004C11E0 /* Views */ = {
			isa = PBXGroup;
			children = (
				7A2D2A182D3F57B2004C11E0 /* Common */,
				7A2D2A162D3F2D63004C11E0 /* TickerListRowView.swift */,
				7A2D2A3A2D42054C004C11E0 /* MainView.swift */,
			);
			path = Views;
			sourceTree = "<group>";
		};
		7A2D2A182D3F57B2004C11E0 /* Common */ = {
			isa = PBXGroup;
			children = (
				7A2D2A192D3F57CA004C11E0 /* EmptyStateView.swift */,
				7A2D2A1B2D3F5A03004C11E0 /* ErrorStateView.swift */,
				7A2D2A1D2D3F5B3A004C11E0 /* LoadingStateView.swift */,
			);
			path = Common;
			sourceTree = "<group>";
		};
		7A2D2A1F2D3F839A004C11E0 /* View-Models */ = {
			isa = PBXGroup;
			children = (
				7A2D2A202D3F83B6004C11E0 /* AppViewModel.swift */,
				7A2D2A2F2D41F708004C11E0 /* SearchViewModel.swift */,
				7A2D2A352D4202FA004C11E0 /* QuoteViewModel.swift */,
			);
			path = "View-Models";
			sourceTree = "<group>";
		};
		7A2D2A232D40AF88004C11E0 /* Mocks & Stubs */ = {
			isa = PBXGroup;
			children = (
				7A2D2A242D40AFB6004C11E0 /* Stubs.swift */,
				7A2D2A262D40C50B004C11E0 /* MockStocksApi.swift */,
				7A2D2A2B2D40C877004C11E0 /* MockTickerList.swift */,
			);
			path = "Mocks & Stubs";
			sourceTree = "<group>";
		};
		7A2D2A282D40C67C004C11E0 /* Services */ = {
			isa = PBXGroup;
			children = (
				7A2D2A292D40C6DF004C11E0 /* StocksApi.swift */,
				7A2D2A2D2D40C8B1004C11E0 /* TickerList.swift */,
			);
			path = Services;
			sourceTree = "<group>";
		};
		7A2D2A372D420355004C11E0 /* Extensions */ = {
			isa = PBXGroup;
			children = (
				7A2D2A382D420367004C11E0 /* Quotes+Extensions.swift */,
			);
			path = Extensions;
			sourceTree = "<group>";
		};
/* End PBXGroup section */

/* Begin PBXNativeTarget section */
		7A2D29DB2D3DF049004C11E0 /* AlphaTrading */ = {
			isa = PBXNativeTarget;
			buildConfigurationList = 7A2D2A062D3DF050004C11E0 /* Build configuration list for PBXNativeTarget "AlphaTrading" */;
			buildPhases = (
				7A2D29D82D3DF049004C11E0 /* Sources */,
				7A2D29D92D3DF049004C11E0 /* Frameworks */,
				7A2D29DA2D3DF049004C11E0 /* Resources */,
			);
			buildRules = (
			);
			dependencies = (
			);
			name = AlphaTrading;
			packageProductDependencies = (
				7A2D2A102D3DF540004C11E0 /* ApiStocks */,
			);
			productName = Trading;
			productReference = 7A2D29DC2D3DF049004C11E0 /* AlphaTrading.app */;
			productType = "com.apple.product-type.application";
		};
		7A2D29F12D3DF050004C11E0 /* AlphaTradingTests */ = {
			isa = PBXNativeTarget;
			buildConfigurationList = 7A2D2A092D3DF050004C11E0 /* Build configuration list for PBXNativeTarget "AlphaTradingTests" */;
			buildPhases = (
				7A2D29EE2D3DF050004C11E0 /* Sources */,
				7A2D29EF2D3DF050004C11E0 /* Frameworks */,
				7A2D29F02D3DF050004C11E0 /* Resources */,
			);
			buildRules = (
			);
			dependencies = (
				7A2D29F42D3DF050004C11E0 /* PBXTargetDependency */,
			);
			name = AlphaTradingTests;
			productName = TradingTests;
			productReference = 7A2D29F22D3DF050004C11E0 /* AlphaTradingTests.xctest */;
			productType = "com.apple.product-type.bundle.unit-test";
		};
		7A2D29FB2D3DF050004C11E0 /* AlphaTradingUITests */ = {
			isa = PBXNativeTarget;
			buildConfigurationList = 7A2D2A0C2D3DF050004C11E0 /* Build configuration list for PBXNativeTarget "AlphaTradingUITests" */;
			buildPhases = (
				7A2D29F82D3DF050004C11E0 /* Sources */,
				7A2D29F92D3DF050004C11E0 /* Frameworks */,
				7A2D29FA2D3DF050004C11E0 /* Resources */,
			);
			buildRules = (
			);
			dependencies = (
				7A2D29FE2D3DF050004C11E0 /* PBXTargetDependency */,
			);
			name = AlphaTradingUITests;
			productName = TradingUITests;
			productReference = 7A2D29FC2D3DF050004C11E0 /* AlphaTradingUITests.xctest */;
			productType = "com.apple.product-type.bundle.ui-testing";
		};
		7A2D2A3F2D449E09004C11E0 /* StockAlphaTradingTests */ = {
			isa = PBXNativeTarget;
			buildConfigurationList = 7A2D2A462D449E09004C11E0 /* Build configuration list for PBXNativeTarget "StockAlphaTradingTests" */;
			buildPhases = (
				7A2D2A3C2D449E09004C11E0 /* Sources */,
				7A2D2A3D2D449E09004C11E0 /* Frameworks */,
				7A2D2A3E2D449E09004C11E0 /* Resources */,
			);
			buildRules = (
			);
			dependencies = (
				7A2D2A452D449E09004C11E0 /* PBXTargetDependency */,
			);
			name = StockAlphaTradingTests;
			productName = StockTradingTests;
			productReference = 7A2D2A402D449E09004C11E0 /* StockAlphaTradingTests.xctest */;
			productType = "com.apple.product-type.bundle.unit-test";
		};
/* End PBXNativeTarget section */

/* Begin PBXProject section */
		7A2D29D42D3DF049004C11E0 /* Project object */ = {
			isa = PBXProject;
			attributes = {
				BuildIndependentTargetsInParallel = 1;
				LastSwiftUpdateCheck = 1540;
				LastUpgradeCheck = 1540;
				TargetAttributes = {
					7A2D29DB2D3DF049004C11E0 = {
						CreatedOnToolsVersion = 15.4;
					};
					7A2D29F12D3DF050004C11E0 = {
						CreatedOnToolsVersion = 15.4;
						TestTargetID = 7A2D29DB2D3DF049004C11E0;
					};
					7A2D29FB2D3DF050004C11E0 = {
						CreatedOnToolsVersion = 15.4;
						TestTargetID = 7A2D29DB2D3DF049004C11E0;
					};
					7A2D2A3F2D449E09004C11E0 = {
						CreatedOnToolsVersion = 15.4;
						TestTargetID = 7A2D29DB2D3DF049004C11E0;
					};
				};
			};
			buildConfigurationList = 7A2D29D72D3DF049004C11E0 /* Build configuration list for PBXProject "AlphaTrading" */;
			compatibilityVersion = "Xcode 14.0";
			developmentRegion = en;
			hasScannedForEncodings = 0;
			knownRegions = (
				en,
				Base,
			);
			mainGroup = 7A2D29D32D3DF049004C11E0;
			packageReferences = (
				7A2D2A0F2D3DF540004C11E0 /* XCRemoteSwiftPackageReference "alphaTrading" */,
				7A2D2A222D3F8554004C11E0 /* XCRemoteSwiftPackageReference "swift-protobuf" */,
			);
			productRefGroup = 7A2D29DD2D3DF049004C11E0 /* Products */;
			projectDirPath = "";
			projectRoot = "";
			targets = (
				7A2D29DB2D3DF049004C11E0 /* AlphaTrading */,
				7A2D29F12D3DF050004C11E0 /* AlphaTradingTests */,
				7A2D29FB2D3DF050004C11E0 /* AlphaTradingUITests */,
				7A2D2A3F2D449E09004C11E0 /* StockAlphaTradingTests */,
			);
		};
/* End PBXProject section */

/* Begin PBXResourcesBuildPhase section */
		7A2D29DA2D3DF049004C11E0 /* Resources */ = {
			isa = PBXResourcesBuildPhase;
			buildActionMask = 2147483647;
			files = (
				7A2D29ED2D3DF050004C11E0 /* Preview Assets.xcassets in Resources */,
				7A2D29E92D3DF050004C11E0 /* Assets.xcassets in Resources */,
			);
			runOnlyForDeploymentPostprocessing = 0;
		};
		7A2D29F02D3DF050004C11E0 /* Resources */ = {
			isa = PBXResourcesBuildPhase;
			buildActionMask = 2147483647;
			files = (
			);
			runOnlyForDeploymentPostprocessing = 0;
		};
		7A2D29FA2D3DF050004C11E0 /* Resources */ = {
			isa = PBXResourcesBuildPhase;
			buildActionMask = 2147483647;
			files = (
			);
			runOnlyForDeploymentPostprocessing = 0;
		};
		7A2D2A3E2D449E09004C11E0 /* Resources */ = {
			isa = PBXResourcesBuildPhase;
			buildActionMask = 2147483647;
			files = (
			);
			runOnlyForDeploymentPostprocessing = 0;
		};
/* End PBXResourcesBuildPhase section */

/* Begin PBXSourcesBuildPhase section */
		7A2D29D82D3DF049004C11E0 /* Sources */ = {
			isa = PBXSourcesBuildPhase;
			buildActionMask = 2147483647;
			files = (
				7A2D2A212D3F83B6004C11E0 /* AppViewModel.swift in Sources */,
				7A2D2A492D44A1DD004C11E0 /* TradingTests.swift in Sources */,
				7A2D2A3B2D42054C004C11E0 /* MainView.swift in Sources */,
				7A2D2A2A2D40C6DF004C11E0 /* StocksApi.swift in Sources */,
				7A2D2A392D420367004C11E0 /* Quotes+Extensions.swift in Sources */,
				7A2D2A302D41F708004C11E0 /* SearchViewModel.swift in Sources */,
				7A2D2A322D41F847004C11E0 /* FetchPhase.swift in Sources */,
				7A2D2A1E2D3F5B3A004C11E0 /* LoadingStateView.swift in Sources */,
				7A2D29E02D3DF049004C11E0 /* TradingApp.swift in Sources */,
				7A2D2A172D3F2D63004C11E0 /* TickerListRowView.swift in Sources */,
				7A2D29E22D3DF049004C11E0 /* Persistence.swift in Sources */,
				7A2D2A2E2D40C8B1004C11E0 /* TickerList.swift in Sources */,
				7A2D29E72D3DF049004C11E0 /* ContentView.swift in Sources */,
				7A2D2A252D40AFB6004C11E0 /* Stubs.swift in Sources */,
				7A2D2A342D42006D004C11E0 /* Utils.swift in Sources */,
				7A2D2A142D3F29B6004C11E0 /* TickerListRowData.swift in Sources */,
				7A2D2A1C2D3F5A03004C11E0 /* ErrorStateView.swift in Sources */,
				7A2D2A272D40C50B004C11E0 /* MockStocksApi.swift in Sources */,
				7A2D2A362D4202FA004C11E0 /* QuoteViewModel.swift in Sources */,
				7A2D29E52D3DF049004C11E0 /* Trading.xcdatamodeld in Sources */,
				7A2D2A1A2D3F57CA004C11E0 /* EmptyStateView.swift in Sources */,
				7A2D2A2C2D40C877004C11E0 /* MockTickerList.swift in Sources */,
			);
			runOnlyForDeploymentPostprocessing = 0;
		};
		7A2D29EE2D3DF050004C11E0 /* Sources */ = {
			isa = PBXSourcesBuildPhase;
			buildActionMask = 2147483647;
			files = (
				7A2D2A4C2D44A26E004C11E0 /* Stubs.swift in Sources */,
				7A2D2A4D2D44A3C3004C11E0 /* QuoteViewModel.swift in Sources */,
				7A2D2A4A2D44A260004C11E0 /* MockStocksApi.swift in Sources */,
				7A2D2A4B2D44A26B004C11E0 /* MockTickerList.swift in Sources */,
			);
			runOnlyForDeploymentPostprocessing = 0;
		};
		7A2D29F82D3DF050004C11E0 /* Sources */ = {
			isa = PBXSourcesBuildPhase;
			buildActionMask = 2147483647;
			files = (
				7A2D2A032D3DF050004C11E0 /* TradingUITestsLaunchTests.swift in Sources */,
				7A2D2A012D3DF050004C11E0 /* TradingUITests.swift in Sources */,
			);
			runOnlyForDeploymentPostprocessing = 0;
		};
		7A2D2A3C2D449E09004C11E0 /* Sources */ = {
			isa = PBXSourcesBuildPhase;
			buildActionMask = 2147483647;
			files = (
			);
			runOnlyForDeploymentPostprocessing = 0;
		};
/* End PBXSourcesBuildPhase section */

/* Begin PBXTargetDependency section */
		7A2D29F42D3DF050004C11E0 /* PBXTargetDependency */ = {
			isa = PBXTargetDependency;
			target = 7A2D29DB2D3DF049004C11E0 /* AlphaTrading */;
			targetProxy = 7A2D29F32D3DF050004C11E0 /* PBXContainerItemProxy */;
		};
		7A2D29FE2D3DF050004C11E0 /* PBXTargetDependency */ = {
			isa = PBXTargetDependency;
			target = 7A2D29DB2D3DF049004C11E0 /* AlphaTrading */;
			targetProxy = 7A2D29FD2D3DF050004C11E0 /* PBXContainerItemProxy */;
		};
		7A2D2A452D449E09004C11E0 /* PBXTargetDependency */ = {
			isa = PBXTargetDependency;
			target = 7A2D29DB2D3DF049004C11E0 /* AlphaTrading */;
			targetProxy = 7A2D2A442D449E09004C11E0 /* PBXContainerItemProxy */;
		};
/* End PBXTargetDependency section */

/* Begin XCBuildConfiguration section */
		7A2D2A042D3DF050004C11E0 /* Debug */ = {
			isa = XCBuildConfiguration;
			buildSettings = {
				ALWAYS_SEARCH_USER_PATHS = NO;
				ASSETCATALOG_COMPILER_GENERATE_SWIFT_ASSET_SYMBOL_EXTENSIONS = YES;
				CLANG_ANALYZER_NONNULL = YES;
				CLANG_ANALYZER_NUMBER_OBJECT_CONVERSION = YES_AGGRESSIVE;
				CLANG_CXX_LANGUAGE_STANDARD = "gnu++20";
				CLANG_ENABLE_MODULES = YES;
				CLANG_ENABLE_OBJC_ARC = YES;
				CLANG_ENABLE_OBJC_WEAK = YES;
				CLANG_WARN_BLOCK_CAPTURE_AUTORELEASING = YES;
				CLANG_WARN_BOOL_CONVERSION = YES;
				CLANG_WARN_COMMA = YES;
				CLANG_WARN_CONSTANT_CONVERSION = YES;
				CLANG_WARN_DEPRECATED_OBJC_IMPLEMENTATIONS = YES;
				CLANG_WARN_DIRECT_OBJC_ISA_USAGE = YES_ERROR;
				CLANG_WARN_DOCUMENTATION_COMMENTS = YES;
				CLANG_WARN_EMPTY_BODY = YES;
				CLANG_WARN_ENUM_CONVERSION = YES;
				CLANG_WARN_INFINITE_RECURSION = YES;
				CLANG_WARN_INT_CONVERSION = YES;
				CLANG_WARN_NON_LITERAL_NULL_CONVERSION = YES;
				CLANG_WARN_OBJC_IMPLICIT_RETAIN_SELF = YES;
				CLANG_WARN_OBJC_LITERAL_CONVERSION = YES;
				CLANG_WARN_OBJC_ROOT_CLASS = YES_ERROR;
				CLANG_WARN_QUOTED_INCLUDE_IN_FRAMEWORK_HEADER = YES;
				CLANG_WARN_RANGE_LOOP_ANALYSIS = YES;
				CLANG_WARN_STRICT_PROTOTYPES = YES;
				CLANG_WARN_SUSPICIOUS_MOVE = YES;
				CLANG_WARN_UNGUARDED_AVAILABILITY = YES_AGGRESSIVE;
				CLANG_WARN_UNREACHABLE_CODE = YES;
				CLANG_WARN__DUPLICATE_METHOD_MATCH = YES;
				COPY_PHASE_STRIP = NO;
				DEBUG_INFORMATION_FORMAT = dwarf;
				ENABLE_STRICT_OBJC_MSGSEND = YES;
				ENABLE_TESTABILITY = YES;
				ENABLE_USER_SCRIPT_SANDBOXING = YES;
				GCC_C_LANGUAGE_STANDARD = gnu17;
				GCC_DYNAMIC_NO_PIC = NO;
				GCC_NO_COMMON_BLOCKS = YES;
				GCC_OPTIMIZATION_LEVEL = 0;
				GCC_PREPROCESSOR_DEFINITIONS = (
					"DEBUG=1",
					"$(inherited)",
				);
				GCC_WARN_64_TO_32_BIT_CONVERSION = YES;
				GCC_WARN_ABOUT_RETURN_TYPE = YES_ERROR;
				GCC_WARN_UNDECLARED_SELECTOR = YES;
				GCC_WARN_UNINITIALIZED_AUTOS = YES_AGGRESSIVE;
				GCC_WARN_UNUSED_FUNCTION = YES;
				GCC_WARN_UNUSED_VARIABLE = YES;
				LOCALIZATION_PREFERS_STRING_CATALOGS = YES;
				MTL_ENABLE_DEBUG_INFO = INCLUDE_SOURCE;
				MTL_FAST_MATH = YES;
				ONLY_ACTIVE_ARCH = YES;
				SDKROOT = iphoneos;
				SWIFT_ACTIVE_COMPILATION_CONDITIONS = "DEBUG $(inherited)";
				SWIFT_OPTIMIZATION_LEVEL = "-Onone";
			};
			name = Debug;
		};
		7A2D2A052D3DF050004C11E0 /* Release */ = {
			isa = XCBuildConfiguration;
			buildSettings = {
				ALWAYS_SEARCH_USER_PATHS = NO;
				ASSETCATALOG_COMPILER_GENERATE_SWIFT_ASSET_SYMBOL_EXTENSIONS = YES;
				CLANG_ANALYZER_NONNULL = YES;
				CLANG_ANALYZER_NUMBER_OBJECT_CONVERSION = YES_AGGRESSIVE;
				CLANG_CXX_LANGUAGE_STANDARD = "gnu++20";
				CLANG_ENABLE_MODULES = YES;
				CLANG_ENABLE_OBJC_ARC = YES;
				CLANG_ENABLE_OBJC_WEAK = YES;
				CLANG_WARN_BLOCK_CAPTURE_AUTORELEASING = YES;
				CLANG_WARN_BOOL_CONVERSION = YES;
				CLANG_WARN_COMMA = YES;
				CLANG_WARN_CONSTANT_CONVERSION = YES;
				CLANG_WARN_DEPRECATED_OBJC_IMPLEMENTATIONS = YES;
				CLANG_WARN_DIRECT_OBJC_ISA_USAGE = YES_ERROR;
				CLANG_WARN_DOCUMENTATION_COMMENTS = YES;
				CLANG_WARN_EMPTY_BODY = YES;
				CLANG_WARN_ENUM_CONVERSION = YES;
				CLANG_WARN_INFINITE_RECURSION = YES;
				CLANG_WARN_INT_CONVERSION = YES;
				CLANG_WARN_NON_LITERAL_NULL_CONVERSION = YES;
				CLANG_WARN_OBJC_IMPLICIT_RETAIN_SELF = YES;
				CLANG_WARN_OBJC_LITERAL_CONVERSION = YES;
				CLANG_WARN_OBJC_ROOT_CLASS = YES_ERROR;
				CLANG_WARN_QUOTED_INCLUDE_IN_FRAMEWORK_HEADER = YES;
				CLANG_WARN_RANGE_LOOP_ANALYSIS = YES;
				CLANG_WARN_STRICT_PROTOTYPES = YES;
				CLANG_WARN_SUSPICIOUS_MOVE = YES;
				CLANG_WARN_UNGUARDED_AVAILABILITY = YES_AGGRESSIVE;
				CLANG_WARN_UNREACHABLE_CODE = YES;
				CLANG_WARN__DUPLICATE_METHOD_MATCH = YES;
				COPY_PHASE_STRIP = NO;
				DEBUG_INFORMATION_FORMAT = "dwarf-with-dsym";
				ENABLE_NS_ASSERTIONS = NO;
				ENABLE_STRICT_OBJC_MSGSEND = YES;
				ENABLE_USER_SCRIPT_SANDBOXING = YES;
				GCC_C_LANGUAGE_STANDARD = gnu17;
				GCC_NO_COMMON_BLOCKS = YES;
				GCC_WARN_64_TO_32_BIT_CONVERSION = YES;
				GCC_WARN_ABOUT_RETURN_TYPE = YES_ERROR;
				GCC_WARN_UNDECLARED_SELECTOR = YES;
				GCC_WARN_UNINITIALIZED_AUTOS = YES_AGGRESSIVE;
				GCC_WARN_UNUSED_FUNCTION = YES;
				GCC_WARN_UNUSED_VARIABLE = YES;
				LOCALIZATION_PREFERS_STRING_CATALOGS = YES;
				MTL_ENABLE_DEBUG_INFO = NO;
				MTL_FAST_MATH = YES;
				SDKROOT = iphoneos;
				SWIFT_COMPILATION_MODE = wholemodule;
			};
			name = Release;
		};
		7A2D2A072D3DF050004C11E0 /* Debug */ = {
			isa = XCBuildConfiguration;
			buildSettings = {
				ASSETCATALOG_COMPILER_APPICON_NAME = AppIcon;
				ASSETCATALOG_COMPILER_GLOBAL_ACCENT_COLOR_NAME = AccentColor;
				CODE_SIGN_ENTITLEMENTS = Trading/Trading.entitlements;
				CODE_SIGN_STYLE = Automatic;
				CURRENT_PROJECT_VERSION = 1;
				DEVELOPMENT_ASSET_PATHS = "\"Trading/Preview Content\"";
				ENABLE_PREVIEWS = YES;
				GENERATE_INFOPLIST_FILE = YES;
				"INFOPLIST_KEY_UIApplicationSceneManifest_Generation[sdk=iphoneos*]" = YES;
				"INFOPLIST_KEY_UIApplicationSceneManifest_Generation[sdk=iphonesimulator*]" = YES;
				"INFOPLIST_KEY_UIApplicationSupportsIndirectInputEvents[sdk=iphoneos*]" = YES;
				"INFOPLIST_KEY_UIApplicationSupportsIndirectInputEvents[sdk=iphonesimulator*]" = YES;
				"INFOPLIST_KEY_UILaunchScreen_Generation[sdk=iphoneos*]" = YES;
				"INFOPLIST_KEY_UILaunchScreen_Generation[sdk=iphonesimulator*]" = YES;
				"INFOPLIST_KEY_UIStatusBarStyle[sdk=iphoneos*]" = UIStatusBarStyleDefault;
				"INFOPLIST_KEY_UIStatusBarStyle[sdk=iphonesimulator*]" = UIStatusBarStyleDefault;
				INFOPLIST_KEY_UISupportedInterfaceOrientations_iPad = "UIInterfaceOrientationPortrait UIInterfaceOrientationPortraitUpsideDown UIInterfaceOrientationLandscapeLeft UIInterfaceOrientationLandscapeRight";
				INFOPLIST_KEY_UISupportedInterfaceOrientations_iPhone = "UIInterfaceOrientationPortrait UIInterfaceOrientationLandscapeLeft UIInterfaceOrientationLandscapeRight";
				IPHONEOS_DEPLOYMENT_TARGET = 17.5;
				LD_RUNPATH_SEARCH_PATHS = "@executable_path/Frameworks";
				"LD_RUNPATH_SEARCH_PATHS[sdk=macosx*]" = "@executable_path/../Frameworks";
				MACOSX_DEPLOYMENT_TARGET = 14.5;
				MARKETING_VERSION = 1.0;
				PRODUCT_BUNDLE_IDENTIFIER = alpha.Trading;
				PRODUCT_NAME = "$(TARGET_NAME)";
				SDKROOT = auto;
				SUPPORTED_PLATFORMS = "iphoneos iphonesimulator macosx";
				SWIFT_EMIT_LOC_STRINGS = YES;
				SWIFT_VERSION = 5.0;
				TARGETED_DEVICE_FAMILY = "1,2";
			};
			name = Debug;
		};
		7A2D2A082D3DF050004C11E0 /* Release */ = {
			isa = XCBuildConfiguration;
			buildSettings = {
				ASSETCATALOG_COMPILER_APPICON_NAME = AppIcon;
				ASSETCATALOG_COMPILER_GLOBAL_ACCENT_COLOR_NAME = AccentColor;
				CODE_SIGN_ENTITLEMENTS = Trading/Trading.entitlements;
				CODE_SIGN_STYLE = Automatic;
				CURRENT_PROJECT_VERSION = 1;
				DEVELOPMENT_ASSET_PATHS = "\"Trading/Preview Content\"";
				ENABLE_PREVIEWS = YES;
				GENERATE_INFOPLIST_FILE = YES;
				"INFOPLIST_KEY_UIApplicationSceneManifest_Generation[sdk=iphoneos*]" = YES;
				"INFOPLIST_KEY_UIApplicationSceneManifest_Generation[sdk=iphonesimulator*]" = YES;
				"INFOPLIST_KEY_UIApplicationSupportsIndirectInputEvents[sdk=iphoneos*]" = YES;
				"INFOPLIST_KEY_UIApplicationSupportsIndirectInputEvents[sdk=iphonesimulator*]" = YES;
				"INFOPLIST_KEY_UILaunchScreen_Generation[sdk=iphoneos*]" = YES;
				"INFOPLIST_KEY_UILaunchScreen_Generation[sdk=iphonesimulator*]" = YES;
				"INFOPLIST_KEY_UIStatusBarStyle[sdk=iphoneos*]" = UIStatusBarStyleDefault;
				"INFOPLIST_KEY_UIStatusBarStyle[sdk=iphonesimulator*]" = UIStatusBarStyleDefault;
				INFOPLIST_KEY_UISupportedInterfaceOrientations_iPad = "UIInterfaceOrientationPortrait UIInterfaceOrientationPortraitUpsideDown UIInterfaceOrientationLandscapeLeft UIInterfaceOrientationLandscapeRight";
				INFOPLIST_KEY_UISupportedInterfaceOrientations_iPhone = "UIInterfaceOrientationPortrait UIInterfaceOrientationLandscapeLeft UIInterfaceOrientationLandscapeRight";
				IPHONEOS_DEPLOYMENT_TARGET = 17.5;
				LD_RUNPATH_SEARCH_PATHS = "@executable_path/Frameworks";
				"LD_RUNPATH_SEARCH_PATHS[sdk=macosx*]" = "@executable_path/../Frameworks";
				MACOSX_DEPLOYMENT_TARGET = 14.5;
				MARKETING_VERSION = 1.0;
				PRODUCT_BUNDLE_IDENTIFIER = alpha.Trading;
				PRODUCT_NAME = "$(TARGET_NAME)";
				SDKROOT = auto;
				SUPPORTED_PLATFORMS = "iphoneos iphonesimulator macosx";
				SWIFT_EMIT_LOC_STRINGS = YES;
				SWIFT_VERSION = 5.0;
				TARGETED_DEVICE_FAMILY = "1,2";
			};
			name = Release;
		};
		7A2D2A0A2D3DF050004C11E0 /* Debug */ = {
			isa = XCBuildConfiguration;
			buildSettings = {
				ALWAYS_EMBED_SWIFT_STANDARD_LIBRARIES = YES;
				BUNDLE_LOADER = "$(TEST_HOST)";
				CODE_SIGN_STYLE = Automatic;
				CURRENT_PROJECT_VERSION = 1;
				GENERATE_INFOPLIST_FILE = YES;
				IPHONEOS_DEPLOYMENT_TARGET = 17.5;
				MACOSX_DEPLOYMENT_TARGET = 14.5;
				MARKETING_VERSION = 1.0;
				PRODUCT_BUNDLE_IDENTIFIER = alpha.TradingTests;
				PRODUCT_NAME = "$(TARGET_NAME)";
				SDKROOT = auto;
				SUPPORTED_PLATFORMS = "iphoneos iphonesimulator macosx";
				SWIFT_EMIT_LOC_STRINGS = NO;
				SWIFT_VERSION = 5.0;
				TARGETED_DEVICE_FAMILY = "1,2";
				TEST_HOST = "$(BUILT_PRODUCTS_DIR)/AlphaTrading.app/$(BUNDLE_EXECUTABLE_FOLDER_PATH)/AlphaTrading";
			};
			name = Debug;
		};
		7A2D2A0B2D3DF050004C11E0 /* Release */ = {
			isa = XCBuildConfiguration;
			buildSettings = {
				ALWAYS_EMBED_SWIFT_STANDARD_LIBRARIES = YES;
				BUNDLE_LOADER = "$(TEST_HOST)";
				CODE_SIGN_STYLE = Automatic;
				CURRENT_PROJECT_VERSION = 1;
				GENERATE_INFOPLIST_FILE = YES;
				IPHONEOS_DEPLOYMENT_TARGET = 17.5;
				MACOSX_DEPLOYMENT_TARGET = 14.5;
				MARKETING_VERSION = 1.0;
				PRODUCT_BUNDLE_IDENTIFIER = alpha.TradingTests;
				PRODUCT_NAME = "$(TARGET_NAME)";
				SDKROOT = auto;
				SUPPORTED_PLATFORMS = "iphoneos iphonesimulator macosx";
				SWIFT_EMIT_LOC_STRINGS = NO;
				SWIFT_VERSION = 5.0;
				TARGETED_DEVICE_FAMILY = "1,2";
				TEST_HOST = "$(BUILT_PRODUCTS_DIR)/AlphaTrading.app/$(BUNDLE_EXECUTABLE_FOLDER_PATH)/AlphaTrading";
			};
			name = Release;
		};
		7A2D2A0D2D3DF050004C11E0 /* Debug */ = {
			isa = XCBuildConfiguration;
			buildSettings = {
				ALWAYS_EMBED_SWIFT_STANDARD_LIBRARIES = YES;
				CODE_SIGN_STYLE = Automatic;
				CURRENT_PROJECT_VERSION = 1;
				GENERATE_INFOPLIST_FILE = YES;
				IPHONEOS_DEPLOYMENT_TARGET = 17.5;
				MACOSX_DEPLOYMENT_TARGET = 14.5;
				MARKETING_VERSION = 1.0;
				PRODUCT_BUNDLE_IDENTIFIER = alpha.TradingUITests;
				PRODUCT_NAME = "$(TARGET_NAME)";
				SDKROOT = auto;
				SUPPORTED_PLATFORMS = "iphoneos iphonesimulator macosx";
				SWIFT_EMIT_LOC_STRINGS = NO;
				SWIFT_VERSION = 5.0;
				TARGETED_DEVICE_FAMILY = "1,2";
				TEST_TARGET_NAME = Trading;
			};
			name = Debug;
		};
		7A2D2A0E2D3DF050004C11E0 /* Release */ = {
			isa = XCBuildConfiguration;
			buildSettings = {
				ALWAYS_EMBED_SWIFT_STANDARD_LIBRARIES = YES;
				CODE_SIGN_STYLE = Automatic;
				CURRENT_PROJECT_VERSION = 1;
				GENERATE_INFOPLIST_FILE = YES;
				IPHONEOS_DEPLOYMENT_TARGET = 17.5;
				MACOSX_DEPLOYMENT_TARGET = 14.5;
				MARKETING_VERSION = 1.0;
				PRODUCT_BUNDLE_IDENTIFIER = alpha.TradingUITests;
				PRODUCT_NAME = "$(TARGET_NAME)";
				SDKROOT = auto;
				SUPPORTED_PLATFORMS = "iphoneos iphonesimulator macosx";
				SWIFT_EMIT_LOC_STRINGS = NO;
				SWIFT_VERSION = 5.0;
				TARGETED_DEVICE_FAMILY = "1,2";
				TEST_TARGET_NAME = Trading;
			};
			name = Release;
		};
		7A2D2A472D449E09004C11E0 /* Debug */ = {
			isa = XCBuildConfiguration;
			buildSettings = {
				BUNDLE_LOADER = "$(TEST_HOST)";
				CODE_SIGN_STYLE = Automatic;
				CURRENT_PROJECT_VERSION = 1;
				GENERATE_INFOPLIST_FILE = YES;
				IPHONEOS_DEPLOYMENT_TARGET = 17.5;
				MARKETING_VERSION = 1.0;
				PRODUCT_BUNDLE_IDENTIFIER = alpha.StockTradingTests;
				PRODUCT_NAME = "$(TARGET_NAME)";
				SWIFT_EMIT_LOC_STRINGS = NO;
				SWIFT_VERSION = 5.0;
				TARGETED_DEVICE_FAMILY = "1,2";
				TEST_HOST = "$(BUILT_PRODUCTS_DIR)/AlphaTrading.app/$(BUNDLE_EXECUTABLE_FOLDER_PATH)/AlphaTrading";
			};
			name = Debug;
		};
		7A2D2A482D449E09004C11E0 /* Release */ = {
			isa = XCBuildConfiguration;
			buildSettings = {
				BUNDLE_LOADER = "$(TEST_HOST)";
				CODE_SIGN_STYLE = Automatic;
				CURRENT_PROJECT_VERSION = 1;
				GENERATE_INFOPLIST_FILE = YES;
				IPHONEOS_DEPLOYMENT_TARGET = 17.5;
				MARKETING_VERSION = 1.0;
				PRODUCT_BUNDLE_IDENTIFIER = alpha.StockTradingTests;
				PRODUCT_NAME = "$(TARGET_NAME)";
				SWIFT_EMIT_LOC_STRINGS = NO;
				SWIFT_VERSION = 5.0;
				TARGETED_DEVICE_FAMILY = "1,2";
				TEST_HOST = "$(BUILT_PRODUCTS_DIR)/AlphaTrading.app/$(BUNDLE_EXECUTABLE_FOLDER_PATH)/AlphaTrading";
				VALIDATE_PRODUCT = YES;
			};
			name = Release;
		};
/* End XCBuildConfiguration section */

/* Begin XCConfigurationList section */
		7A2D29D72D3DF049004C11E0 /* Build configuration list for PBXProject "AlphaTrading" */ = {
			isa = XCConfigurationList;
			buildConfigurations = (
				7A2D2A042D3DF050004C11E0 /* Debug */,
				7A2D2A052D3DF050004C11E0 /* Release */,
			);
			defaultConfigurationIsVisible = 0;
			defaultConfigurationName = Release;
		};
		7A2D2A062D3DF050004C11E0 /* Build configuration list for PBXNativeTarget "AlphaTrading" */ = {
			isa = XCConfigurationList;
			buildConfigurations = (
				7A2D2A072D3DF050004C11E0 /* Debug */,
				7A2D2A082D3DF050004C11E0 /* Release */,
			);
			defaultConfigurationIsVisible = 0;
			defaultConfigurationName = Release;
		};
		7A2D2A092D3DF050004C11E0 /* Build configuration list for PBXNativeTarget "AlphaTradingTests" */ = {
			isa = XCConfigurationList;
			buildConfigurations = (
				7A2D2A0A2D3DF050004C11E0 /* Debug */,
				7A2D2A0B2D3DF050004C11E0 /* Release */,
			);
			defaultConfigurationIsVisible = 0;
			defaultConfigurationName = Release;
		};
		7A2D2A0C2D3DF050004C11E0 /* Build configuration list for PBXNativeTarget "AlphaTradingUITests" */ = {
			isa = XCConfigurationList;
			buildConfigurations = (
				7A2D2A0D2D3DF050004C11E0 /* Debug */,
				7A2D2A0E2D3DF050004C11E0 /* Release */,
			);
			defaultConfigurationIsVisible = 0;
			defaultConfigurationName = Release;
		};
		7A2D2A462D449E09004C11E0 /* Build configuration list for PBXNativeTarget "StockAlphaTradingTests" */ = {
			isa = XCConfigurationList;
			buildConfigurations = (
				7A2D2A472D449E09004C11E0 /* Debug */,
				7A2D2A482D449E09004C11E0 /* Release */,
			);
			defaultConfigurationIsVisible = 0;
			defaultConfigurationName = Release;
		};
/* End XCConfigurationList section */

/* Begin XCRemoteSwiftPackageReference section */
		7A2D2A0F2D3DF540004C11E0 /* XCRemoteSwiftPackageReference "alphaTrading" */ = {
			isa = XCRemoteSwiftPackageReference;
			repositoryURL = "https://github.com/kztJames01/alphaTrading";
			requirement = {
				branch = main;
				kind = branch;
			};
		};
		7A2D2A222D3F8554004C11E0 /* XCRemoteSwiftPackageReference "swift-protobuf" */ = {
			isa = XCRemoteSwiftPackageReference;
			repositoryURL = "https://github.com/apple/swift-protobuf.git";
			requirement = {
				kind = upToNextMajorVersion;
				minimumVersion = 1.28.2;
			};
		};
/* End XCRemoteSwiftPackageReference section */

/* Begin XCSwiftPackageProductDependency section */
		7A2D2A102D3DF540004C11E0 /* ApiStocks */ = {
			isa = XCSwiftPackageProductDependency;
			package = 7A2D2A0F2D3DF540004C11E0 /* XCRemoteSwiftPackageReference "alphaTrading" */;
			productName = ApiStocks;
		};
/* End XCSwiftPackageProductDependency section */

/* Begin XCVersionGroup section */
		7A2D29E32D3DF049004C11E0 /* Trading.xcdatamodeld */ = {
			isa = XCVersionGroup;
			children = (
				7A2D29E42D3DF049004C11E0 /* Trading.xcdatamodel */,
			);
			currentVersion = 7A2D29E42D3DF049004C11E0 /* Trading.xcdatamodel */;
			path = Trading.xcdatamodeld;
			sourceTree = "<group>";
			versionGroupType = wrapper.xcdatamodel;
		};
/* End XCVersionGroup section */
	};
	rootObject = 7A2D29D42D3DF049004C11E0 /* Project object */;
}
