// !$*UTF8*$!
{
	archiveVersion = 1;
	classes = {
	};
	objectVersion = 56;
	objects = {

/* Begin PBXBuildFile section */
		7A2D29E02D3DF049004C11E0 /* TradingApp.swift in Sources */ = {isa = PBXBuildFile; fileRef = 7A2D29DF2D3DF049004C11E0 /* TradingApp.swift */; };
		7A2D29E22D3DF049004C11E0 /* Persistence.swift in Sources */ = {isa = PBXBuildFile; fileRef = 7A2D29E12D3DF049004C11E0 /* Persistence.swift */; };
		7A2D29E52D3DF049004C11E0 /* Trading.xcdatamodeld in Sources */ = {isa = PBXBuildFile; fileRef = 7A2D29E32D3DF049004C11E0 /* Trading.xcdatamodeld */; };
		7A2D29E72D3DF049004C11E0 /* ContentView.swift in Sources */ = {isa = PBXBuildFile; fileRef = 7A2D29E62D3DF049004C11E0 /* ContentView.swift */; };
		7A2D29E92D3DF050004C11E0 /* Assets.xcassets in Resources */ = {isa = PBXBuildFile; fileRef = 7A2D29E82D3DF050004C11E0 /* Assets.xcassets */; };
		7A2D29ED2D3DF050004C11E0 /* Preview Assets.xcassets in Resources */ = {isa = PBXBuildFile; fileRef = 7A2D29EC2D3DF050004C11E0 /* Preview Assets.xcassets */; };
		7A2D29F72D3DF050004C11E0 /* TradingTests.swift in Sources */ = {isa = PBXBuildFile; fileRef = 7A2D29F62D3DF050004C11E0 /* TradingTests.swift */; };
		7A2D2A012D3DF050004C11E0 /* TradingUITests.swift in Sources */ = {isa = PBXBuildFile; fileRef = 7A2D2A002D3DF050004C11E0 /* TradingUITests.swift */; };
		7A2D2A032D3DF050004C11E0 /* TradingUITestsLaunchTests.swift in Sources */ = {isa = PBXBuildFile; fileRef = 7A2D2A022D3DF050004C11E0 /* TradingUITestsLaunchTests.swift */; };
/* End PBXBuildFile section */

/* Begin PBXContainerItemProxy section */
		7A2D29F32D3DF050004C11E0 /* PBXContainerItemProxy */ = {
			isa = PBXContainerItemProxy;
			containerPortal = 7A2D29D42D3DF049004C11E0 /* Project object */;
			proxyType = 1;
			remoteGlobalIDString = 7A2D29DB2D3DF049004C11E0;
			remoteInfo = Trading;
		};
		7A2D29FD2D3DF050004C11E0 /* PBXContainerItemProxy */ = {
			isa = PBXContainerItemProxy;
			containerPortal = 7A2D29D42D3DF049004C11E0 /* Project object */;
			proxyType = 1;
			remoteGlobalIDString = 7A2D29DB2D3DF049004C11E0;
			remoteInfo = Trading;
		};
/* End PBXContainerItemProxy section */

/* Begin PBXFileReference section */
		7A2D29DC2D3DF049004C11E0 /* Trading.app */ = {isa = PBXFileReference; explicitFileType = wrapper.application; includeInIndex = 0; path = Trading.app; sourceTree = BUILT_PRODUCTS_DIR; };
		7A2D29DF2D3DF049004C11E0 /* TradingApp.swift */ = {isa = PBXFileReference; lastKnownFileType = sourcecode.swift; path = TradingApp.swift; sourceTree = "<group>"; };
		7A2D29E12D3DF049004C11E0 /* Persistence.swift */ = {isa = PBXFileReference; lastKnownFileType = sourcecode.swift; path = Persistence.swift; sourceTree = "<group>"; };
		7A2D29E42D3DF049004C11E0 /* Trading.xcdatamodel */ = {isa = PBXFileReference; lastKnownFileType = wrapper.xcdatamodel; path = Trading.xcdatamodel; sourceTree = "<group>"; };
		7A2D29E62D3DF049004C11E0 /* ContentView.swift */ = {isa = PBXFileReference; lastKnownFileType = sourcecode.swift; path = ContentView.swift; sourceTree = "<group>"; };
		7A2D29E82D3DF050004C11E0 /* Assets.xcassets */ = {isa = PBXFileReference; lastKnownFileType = folder.assetcatalog; path = Assets.xcassets; sourceTree = "<group>"; };
		7A2D29EA2D3DF050004C11E0 /* Trading.entitlements */ = {isa = PBXFileReference; lastKnownFileType = text.plist.entitlements; path = Trading.entitlements; sourceTree = "<group>"; };
		7A2D29EC2D3DF050004C11E0 /* Preview Assets.xcassets */ = {isa = PBXFileReference; lastKnownFileType = folder.assetcatalog; path = "Preview Assets.xcassets"; sourceTree = "<group>"; };
		7A2D29F22D3DF050004C11E0 /* TradingTests.xctest */ = {isa = PBXFileReference; explicitFileType = wrapper.cfbundle; includeInIndex = 0; path = TradingTests.xctest; sourceTree = BUILT_PRODUCTS_DIR; };
		7A2D29F62D3DF050004C11E0 /* TradingTests.swift */ = {isa = PBXFileReference; lastKnownFileType = sourcecode.swift; path = TradingTests.swift; sourceTree = "<group>"; };
		7A2D29FC2D3DF050004C11E0 /* TradingUITests.xctest */ = {isa = PBXFileReference; explicitFileType = wrapper.cfbundle; includeInIndex = 0; path = TradingUITests.xctest; sourceTree = BUILT_PRODUCTS_DIR; };
		7A2D2A002D3DF050004C11E0 /* TradingUITests.swift */ = {isa = PBXFileReference; lastKnownFileType = sourcecode.swift; path = TradingUITests.swift; sourceTree = "<group>"; };
		7A2D2A022D3DF050004C11E0 /* TradingUITestsLaunchTests.swift */ = {isa = PBXFileReference; lastKnownFileType = sourcecode.swift; path = TradingUITestsLaunchTests.swift; sourceTree = "<group>"; };
/* End PBXFileReference section */

/* Begin PBXFrameworksBuildPhase section */
		7A2D29D92D3DF049004C11E0 /* Frameworks */ = {
			isa = PBXFrameworksBuildPhase;
			buildActionMask = 2147483647;
			files = (
			);
			runOnlyForDeploymentPostprocessing = 0;
		};
		7A2D29EF2D3DF050004C11E0 /* Frameworks */ = {
			isa = PBXFrameworksBuildPhase;
			buildActionMask = 2147483647;
			files = (
			);
			runOnlyForDeploymentPostprocessing = 0;
		};
		7A2D29F92D3DF050004C11E0 /* Frameworks */ = {
			isa = PBXFrameworksBuildPhase;
			buildActionMask = 2147483647;
			files = (
			);
			runOnlyForDeploymentPostprocessing = 0;
		};
/* End PBXFrameworksBuildPhase section */

/* Begin PBXGroup section */
		7A2D29D32D3DF049004C11E0 = {
			isa = PBXGroup;
			children = (
				7A2D29DE2D3DF049004C11E0 /* Trading */,
				7A2D29F52D3DF050004C11E0 /* TradingTests */,
				7A2D29FF2D3DF050004C11E0 /* TradingUITests */,
				7A2D29DD2D3DF049004C11E0 /* Products */,
			);
			sourceTree = "<group>";
		};
		7A2D29DD2D3DF049004C11E0 /* Products */ = {
			isa = PBXGroup;
			children = (
				7A2D29DC2D3DF049004C11E0 /* Trading.app */,
				7A2D29F22D3DF050004C11E0 /* TradingTests.xctest */,
				7A2D29FC2D3DF050004C11E0 /* TradingUITests.xctest */,
			);
			name = Products;
			sourceTree = "<group>";
		};
		7A2D29DE2D3DF049004C11E0 /* Trading */ = {
			isa = PBXGroup;
			children = (
				7A2D29DF2D3DF049004C11E0 /* TradingApp.swift */,
				7A2D29E12D3DF049004C11E0 /* Persistence.swift */,
				7A2D29E62D3DF049004C11E0 /* ContentView.swift */,
				7A2D29E82D3DF050004C11E0 /* Assets.xcassets */,
				7A2D29EA2D3DF050004C11E0 /* Trading.entitlements */,
				7A2D29E32D3DF049004C11E0 /* Trading.xcdatamodeld */,
				7A2D29EB2D3DF050004C11E0 /* Preview Content */,
			);
			path = Trading;
			sourceTree = "<group>";
		};
		7A2D29EB2D3DF050004C11E0 /* Preview Content */ = {
			isa = PBXGroup;
			children = (
				7A2D29EC2D3DF050004C11E0 /* Preview Assets.xcassets */,
			);
			path = "Preview Content";
			sourceTree = "<group>";
		};
		7A2D29F52D3DF050004C11E0 /* TradingTests */ = {
			isa = PBXGroup;
			children = (
				7A2D29F62D3DF050004C11E0 /* TradingTests.swift */,
			);
			path = TradingTests;
			sourceTree = "<group>";
		};
		7A2D29FF2D3DF050004C11E0 /* TradingUITests */ = {
			isa = PBXGroup;
			children = (
				7A2D2A002D3DF050004C11E0 /* TradingUITests.swift */,
				7A2D2A022D3DF050004C11E0 /* TradingUITestsLaunchTests.swift */,
			);
			path = TradingUITests;
			sourceTree = "<group>";
		};
/* End PBXGroup section */

/* Begin PBXNativeTarget section */
		7A2D29DB2D3DF049004C11E0 /* Trading */ = {
			isa = PBXNativeTarget;
			buildConfigurationList = 7A2D2A062D3DF050004C11E0 /* Build configuration list for PBXNativeTarget "Trading" */;
			buildPhases = (
				7A2D29D82D3DF049004C11E0 /* Sources */,
				7A2D29D92D3DF049004C11E0 /* Frameworks */,
				7A2D29DA2D3DF049004C11E0 /* Resources */,
			);
			buildRules = (
			);
			dependencies = (
			);
			name = Trading;
			productName = Trading;
			productReference = 7A2D29DC2D3DF049004C11E0 /* Trading.app */;
			productType = "com.apple.product-type.application";
		};
		7A2D29F12D3DF050004C11E0 /* TradingTests */ = {
			isa = PBXNativeTarget;
			buildConfigurationList = 7A2D2A092D3DF050004C11E0 /* Build configuration list for PBXNativeTarget "TradingTests" */;
			buildPhases = (
				7A2D29EE2D3DF050004C11E0 /* Sources */,
				7A2D29EF2D3DF050004C11E0 /* Frameworks */,
				7A2D29F02D3DF050004C11E0 /* Resources */,
			);
			buildRules = (
			);
			dependencies = (
				7A2D29F42D3DF050004C11E0 /* PBXTargetDependency */,
			);
			name = TradingTests;
			productName = TradingTests;
			productReference = 7A2D29F22D3DF050004C11E0 /* TradingTests.xctest */;
			productType = "com.apple.product-type.bundle.unit-test";
		};
		7A2D29FB2D3DF050004C11E0 /* TradingUITests */ = {
			isa = PBXNativeTarget;
			buildConfigurationList = 7A2D2A0C2D3DF050004C11E0 /* Build configuration list for PBXNativeTarget "TradingUITests" */;
			buildPhases = (
				7A2D29F82D3DF050004C11E0 /* Sources */,
				7A2D29F92D3DF050004C11E0 /* Frameworks */,
				7A2D29FA2D3DF050004C11E0 /* Resources */,
			);
			buildRules = (
			);
			dependencies = (
				7A2D29FE2D3DF050004C11E0 /* PBXTargetDependency */,
			);
			name = TradingUITests;
			productName = TradingUITests;
			productReference = 7A2D29FC2D3DF050004C11E0 /* TradingUITests.xctest */;
			productType = "com.apple.product-type.bundle.ui-testing";
		};
/* End PBXNativeTarget section */

/* Begin PBXProject section */
		7A2D29D42D3DF049004C11E0 /* Project object */ = {
			isa = PBXProject;
			attributes = {
				BuildIndependentTargetsInParallel = 1;
				LastSwiftUpdateCheck = 1540;
				LastUpgradeCheck = 1540;
				TargetAttributes = {
					7A2D29DB2D3DF049004C11E0 = {
						CreatedOnToolsVersion = 15.4;
					};
					7A2D29F12D3DF050004C11E0 = {
						CreatedOnToolsVersion = 15.4;
						TestTargetID = 7A2D29DB2D3DF049004C11E0;
					};
					7A2D29FB2D3DF050004C11E0 = {
						CreatedOnToolsVersion = 15.4;
						TestTargetID = 7A2D29DB2D3DF049004C11E0;
					};
				};
			};
			buildConfigurationList = 7A2D29D72D3DF049004C11E0 /* Build configuration list for PBXProject "Trading" */;
			compatibilityVersion = "Xcode 14.0";
			developmentRegion = en;
			hasScannedForEncodings = 0;
			knownRegions = (
				en,
				Base,
			);
			mainGroup = 7A2D29D32D3DF049004C11E0;
			productRefGroup = 7A2D29DD2D3DF049004C11E0 /* Products */;
			projectDirPath = "";
			projectRoot = "";
			targets = (
				7A2D29DB2D3DF049004C11E0 /* Trading */,
				7A2D29F12D3DF050004C11E0 /* TradingTests */,
				7A2D29FB2D3DF050004C11E0 /* TradingUITests */,
			);
		};
/* End PBXProject section */

/* Begin PBXResourcesBuildPhase section */
		7A2D29DA2D3DF049004C11E0 /* Resources */ = {
			isa = PBXResourcesBuildPhase;
			buildActionMask = 2147483647;
			files = (
				7A2D29ED2D3DF050004C11E0 /* Preview Assets.xcassets in Resources */,
				7A2D29E92D3DF050004C11E0 /* Assets.xcassets in Resources */,
			);
			runOnlyForDeploymentPostprocessing = 0;
		};
		7A2D29F02D3DF050004C11E0 /* Resources */ = {
			isa = PBXResourcesBuildPhase;
			buildActionMask = 2147483647;
			files = (
			);
			runOnlyForDeploymentPostprocessing = 0;
		};
		7A2D29FA2D3DF050004C11E0 /* Resources */ = {
			isa = PBXResourcesBuildPhase;
			buildActionMask = 2147483647;
			files = (
			);
			runOnlyForDeploymentPostprocessing = 0;
		};
/* End PBXResourcesBuildPhase section */

/* Begin PBXSourcesBuildPhase section */
		7A2D29D82D3DF049004C11E0 /* Sources */ = {
			isa = PBXSourcesBuildPhase;
			buildActionMask = 2147483647;
			files = (
				7A2D29E02D3DF049004C11E0 /* TradingApp.swift in Sources */,
				7A2D29E22D3DF049004C11E0 /* Persistence.swift in Sources */,
				7A2D29E72D3DF049004C11E0 /* ContentView.swift in Sources */,
				7A2D29E52D3DF049004C11E0 /* Trading.xcdatamodeld in Sources */,
			);
			runOnlyForDeploymentPostprocessing = 0;
		};
		7A2D29EE2D3DF050004C11E0 /* Sources */ = {
			isa = PBXSourcesBuildPhase;
			buildActionMask = 2147483647;
			files = (
				7A2D29F72D3DF050004C11E0 /* TradingTests.swift in Sources */,
			);
			runOnlyForDeploymentPostprocessing = 0;
		};
		7A2D29F82D3DF050004C11E0 /* Sources */ = {
			isa = PBXSourcesBuildPhase;
			buildActionMask = 2147483647;
			files = (
				7A2D2A032D3DF050004C11E0 /* TradingUITestsLaunchTests.swift in Sources */,
				7A2D2A012D3DF050004C11E0 /* TradingUITests.swift in Sources */,
			);
			runOnlyForDeploymentPostprocessing = 0;
		};
/* End PBXSourcesBuildPhase section */

/* Begin PBXTargetDependency section */
		7A2D29F42D3DF050004C11E0 /* PBXTargetDependency */ = {
			isa = PBXTargetDependency;
			target = 7A2D29DB2D3DF049004C11E0 /* Trading */;
			targetProxy = 7A2D29F32D3DF050004C11E0 /* PBXContainerItemProxy */;
		};
		7A2D29FE2D3DF050004C11E0 /* PBXTargetDependency */ = {
			isa = PBXTargetDependency;
			target = 7A2D29DB2D3DF049004C11E0 /* Trading */;
			targetProxy = 7A2D29FD2D3DF050004C11E0 /* PBXContainerItemProxy */;
		};
/* End PBXTargetDependency section */

/* Begin XCBuildConfiguration section */
		7A2D2A042D3DF050004C11E0 /* Debug */ = {
			isa = XCBuildConfiguration;
			buildSettings = {
				ALWAYS_SEARCH_USER_PATHS = NO;
				ASSETCATALOG_COMPILER_GENERATE_SWIFT_ASSET_SYMBOL_EXTENSIONS = YES;
				CLANG_ANALYZER_NONNULL = YES;
				CLANG_ANALYZER_NUMBER_OBJECT_CONVERSION = YES_AGGRESSIVE;
				CLANG_CXX_LANGUAGE_STANDARD = "gnu++20";
				CLANG_ENABLE_MODULES = YES;
				CLANG_ENABLE_OBJC_ARC = YES;
				CLANG_ENABLE_OBJC_WEAK = YES;
				CLANG_WARN_BLOCK_CAPTURE_AUTORELEASING = YES;
				CLANG_WARN_BOOL_CONVERSION = YES;
				CLANG_WARN_COMMA = YES;
				CLANG_WARN_CONSTANT_CONVERSION = YES;
				CLANG_WARN_DEPRECATED_OBJC_IMPLEMENTATIONS = YES;
				CLANG_WARN_DIRECT_OBJC_ISA_USAGE = YES_ERROR;
				CLANG_WARN_DOCUMENTATION_COMMENTS = YES;
				CLANG_WARN_EMPTY_BODY = YES;
				CLANG_WARN_ENUM_CONVERSION = YES;
				CLANG_WARN_INFINITE_RECURSION = YES;
				CLANG_WARN_INT_CONVERSION = YES;
				CLANG_WARN_NON_LITERAL_NULL_CONVERSION = YES;
				CLANG_WARN_OBJC_IMPLICIT_RETAIN_SELF = YES;
				CLANG_WARN_OBJC_LITERAL_CONVERSION = YES;
				CLANG_WARN_OBJC_ROOT_CLASS = YES_ERROR;
				CLANG_WARN_QUOTED_INCLUDE_IN_FRAMEWORK_HEADER = YES;
				CLANG_WARN_RANGE_LOOP_ANALYSIS = YES;
				CLANG_WARN_STRICT_PROTOTYPES = YES;
				CLANG_WARN_SUSPICIOUS_MOVE = YES;
				CLANG_WARN_UNGUARDED_AVAILABILITY = YES_AGGRESSIVE;
				CLANG_WARN_UNREACHABLE_CODE = YES;
				CLANG_WARN__DUPLICATE_METHOD_MATCH = YES;
				COPY_PHASE_STRIP = NO;
				DEBUG_INFORMATION_FORMAT = dwarf;
				ENABLE_STRICT_OBJC_MSGSEND = YES;
				ENABLE_TESTABILITY = YES;
				ENABLE_USER_SCRIPT_SANDBOXING = YES;
				GCC_C_LANGUAGE_STANDARD = gnu17;
				GCC_DYNAMIC_NO_PIC = NO;
				GCC_NO_COMMON_BLOCKS = YES;
				GCC_OPTIMIZATION_LEVEL = 0;
				GCC_PREPROCESSOR_DEFINITIONS = (
					"DEBUG=1",
					"$(inherited)",
				);
				GCC_WARN_64_TO_32_BIT_CONVERSION = YES;
				GCC_WARN_ABOUT_RETURN_TYPE = YES_ERROR;
				GCC_WARN_UNDECLARED_SELECTOR = YES;
				GCC_WARN_UNINITIALIZED_AUTOS = YES_AGGRESSIVE;
				GCC_WARN_UNUSED_FUNCTION = YES;
				GCC_WARN_UNUSED_VARIABLE = YES;
				LOCALIZATION_PREFERS_STRING_CATALOGS = YES;
				MTL_ENABLE_DEBUG_INFO = INCLUDE_SOURCE;
				MTL_FAST_MATH = YES;
				ONLY_ACTIVE_ARCH = YES;
				SWIFT_ACTIVE_COMPILATION_CONDITIONS = "DEBUG $(inherited)";
				SWIFT_OPTIMIZATION_LEVEL = "-Onone";
			};
			name = Debug;
		};
		7A2D2A052D3DF050004C11E0 /* Release */ = {
			isa = XCBuildConfiguration;
			buildSettings = {
				ALWAYS_SEARCH_USER_PATHS = NO;
				ASSETCATALOG_COMPILER_GENERATE_SWIFT_ASSET_SYMBOL_EXTENSIONS = YES;
				CLANG_ANALYZER_NONNULL = YES;
				CLANG_ANALYZER_NUMBER_OBJECT_CONVERSION = YES_AGGRESSIVE;
				CLANG_CXX_LANGUAGE_STANDARD = "gnu++20";
				CLANG_ENABLE_MODULES = YES;
				CLANG_ENABLE_OBJC_ARC = YES;
				CLANG_ENABLE_OBJC_WEAK = YES;
				CLANG_WARN_BLOCK_CAPTURE_AUTORELEASING = YES;
				CLANG_WARN_BOOL_CONVERSION = YES;
				CLANG_WARN_COMMA = YES;
				CLANG_WARN_CONSTANT_CONVERSION = YES;
				CLANG_WARN_DEPRECATED_OBJC_IMPLEMENTATIONS = YES;
				CLANG_WARN_DIRECT_OBJC_ISA_USAGE = YES_ERROR;
				CLANG_WARN_DOCUMENTATION_COMMENTS = YES;
				CLANG_WARN_EMPTY_BODY = YES;
				CLANG_WARN_ENUM_CONVERSION = YES;
				CLANG_WARN_INFINITE_RECURSION = YES;
				CLANG_WARN_INT_CONVERSION = YES;
				CLANG_WARN_NON_LITERAL_NULL_CONVERSION = YES;
				CLANG_WARN_OBJC_IMPLICIT_RETAIN_SELF = YES;
				CLANG_WARN_OBJC_LITERAL_CONVERSION = YES;
				CLANG_WARN_OBJC_ROOT_CLASS = YES_ERROR;
				CLANG_WARN_QUOTED_INCLUDE_IN_FRAMEWORK_HEADER = YES;
				CLANG_WARN_RANGE_LOOP_ANALYSIS = YES;
				CLANG_WARN_STRICT_PROTOTYPES = YES;
				CLANG_WARN_SUSPICIOUS_MOVE = YES;
				CLANG_WARN_UNGUARDED_AVAILABILITY = YES_AGGRESSIVE;
				CLANG_WARN_UNREACHABLE_CODE = YES;
				CLANG_WARN__DUPLICATE_METHOD_MATCH = YES;
				COPY_PHASE_STRIP = NO;
				DEBUG_INFORMATION_FORMAT = "dwarf-with-dsym";
				ENABLE_NS_ASSERTIONS = NO;
				ENABLE_STRICT_OBJC_MSGSEND = YES;
				ENABLE_USER_SCRIPT_SANDBOXING = YES;
				GCC_C_LANGUAGE_STANDARD = gnu17;
				GCC_NO_COMMON_BLOCKS = YES;
				GCC_WARN_64_TO_32_BIT_CONVERSION = YES;
				GCC_WARN_ABOUT_RETURN_TYPE = YES_ERROR;
				GCC_WARN_UNDECLARED_SELECTOR = YES;
				GCC_WARN_UNINITIALIZED_AUTOS = YES_AGGRESSIVE;
				GCC_WARN_UNUSED_FUNCTION = YES;
				GCC_WARN_UNUSED_VARIABLE = YES;
				LOCALIZATION_PREFERS_STRING_CATALOGS = YES;
				MTL_ENABLE_DEBUG_INFO = NO;
				MTL_FAST_MATH = YES;
				SWIFT_COMPILATION_MODE = wholemodule;
			};
			name = Release;
		};
		7A2D2A072D3DF050004C11E0 /* Debug */ = {
			isa = XCBuildConfiguration;
			buildSettings = {
				ASSETCATALOG_COMPILER_APPICON_NAME = AppIcon;
				ASSETCATALOG_COMPILER_GLOBAL_ACCENT_COLOR_NAME = AccentColor;
				CODE_SIGN_ENTITLEMENTS = Trading/Trading.entitlements;
				CODE_SIGN_STYLE = Automatic;
				CURRENT_PROJECT_VERSION = 1;
				DEVELOPMENT_ASSET_PATHS = "\"Trading/Preview Content\"";
				ENABLE_PREVIEWS = YES;
				GENERATE_INFOPLIST_FILE = YES;
				"INFOPLIST_KEY_UIApplicationSceneManifest_Generation[sdk=iphoneos*]" = YES;
				"INFOPLIST_KEY_UIApplicationSceneManifest_Generation[sdk=iphonesimulator*]" = YES;
				"INFOPLIST_KEY_UIApplicationSupportsIndirectInputEvents[sdk=iphoneos*]" = YES;
				"INFOPLIST_KEY_UIApplicationSupportsIndirectInputEvents[sdk=iphonesimulator*]" = YES;
				"INFOPLIST_KEY_UILaunchScreen_Generation[sdk=iphoneos*]" = YES;
				"INFOPLIST_KEY_UILaunchScreen_Generation[sdk=iphonesimulator*]" = YES;
				"INFOPLIST_KEY_UIStatusBarStyle[sdk=iphoneos*]" = UIStatusBarStyleDefault;
				"INFOPLIST_KEY_UIStatusBarStyle[sdk=iphonesimulator*]" = UIStatusBarStyleDefault;
				INFOPLIST_KEY_UISupportedInterfaceOrientations_iPad = "UIInterfaceOrientationPortrait UIInterfaceOrientationPortraitUpsideDown UIInterfaceOrientationLandscapeLeft UIInterfaceOrientationLandscapeRight";
				INFOPLIST_KEY_UISupportedInterfaceOrientations_iPhone = "UIInterfaceOrientationPortrait UIInterfaceOrientationLandscapeLeft UIInterfaceOrientationLandscapeRight";
				IPHONEOS_DEPLOYMENT_TARGET = 17.5;
				LD_RUNPATH_SEARCH_PATHS = "@executable_path/Frameworks";
				"LD_RUNPATH_SEARCH_PATHS[sdk=macosx*]" = "@executable_path/../Frameworks";
				MACOSX_DEPLOYMENT_TARGET = 14.5;
				MARKETING_VERSION = 1.0;
				PRODUCT_BUNDLE_IDENTIFIER = alpha.Trading;
				PRODUCT_NAME = "$(TARGET_NAME)";
				SDKROOT = auto;
				SUPPORTED_PLATFORMS = "iphoneos iphonesimulator macosx";
				SWIFT_EMIT_LOC_STRINGS = YES;
				SWIFT_VERSION = 5.0;
				TARGETED_DEVICE_FAMILY = "1,2";
			};
			name = Debug;
		};
		7A2D2A082D3DF050004C11E0 /* Release */ = {
			isa = XCBuildConfiguration;
			buildSettings = {
				ASSETCATALOG_COMPILER_APPICON_NAME = AppIcon;
				ASSETCATALOG_COMPILER_GLOBAL_ACCENT_COLOR_NAME = AccentColor;
				CODE_SIGN_ENTITLEMENTS = Trading/Trading.entitlements;
				CODE_SIGN_STYLE = Automatic;
				CURRENT_PROJECT_VERSION = 1;
				DEVELOPMENT_ASSET_PATHS = "\"Trading/Preview Content\"";
				ENABLE_PREVIEWS = YES;
				GENERATE_INFOPLIST_FILE = YES;
				"INFOPLIST_KEY_UIApplicationSceneManifest_Generation[sdk=iphoneos*]" = YES;
				"INFOPLIST_KEY_UIApplicationSceneManifest_Generation[sdk=iphonesimulator*]" = YES;
				"INFOPLIST_KEY_UIApplicationSupportsIndirectInputEvents[sdk=iphoneos*]" = YES;
				"INFOPLIST_KEY_UIApplicationSupportsIndirectInputEvents[sdk=iphonesimulator*]" = YES;
				"INFOPLIST_KEY_UILaunchScreen_Generation[sdk=iphoneos*]" = YES;
				"INFOPLIST_KEY_UILaunchScreen_Generation[sdk=iphonesimulator*]" = YES;
				"INFOPLIST_KEY_UIStatusBarStyle[sdk=iphoneos*]" = UIStatusBarStyleDefault;
				"INFOPLIST_KEY_UIStatusBarStyle[sdk=iphonesimulator*]" = UIStatusBarStyleDefault;
				INFOPLIST_KEY_UISupportedInterfaceOrientations_iPad = "UIInterfaceOrientationPortrait UIInterfaceOrientationPortraitUpsideDown UIInterfaceOrientationLandscapeLeft UIInterfaceOrientationLandscapeRight";
				INFOPLIST_KEY_UISupportedInterfaceOrientations_iPhone = "UIInterfaceOrientationPortrait UIInterfaceOrientationLandscapeLeft UIInterfaceOrientationLandscapeRight";
				IPHONEOS_DEPLOYMENT_TARGET = 17.5;
				LD_RUNPATH_SEARCH_PATHS = "@executable_path/Frameworks";
				"LD_RUNPATH_SEARCH_PATHS[sdk=macosx*]" = "@executable_path/../Frameworks";
				MACOSX_DEPLOYMENT_TARGET = 14.5;
				MARKETING_VERSION = 1.0;
				PRODUCT_BUNDLE_IDENTIFIER = alpha.Trading;
				PRODUCT_NAME = "$(TARGET_NAME)";
				SDKROOT = auto;
				SUPPORTED_PLATFORMS = "iphoneos iphonesimulator macosx";
				SWIFT_EMIT_LOC_STRINGS = YES;
				SWIFT_VERSION = 5.0;
				TARGETED_DEVICE_FAMILY = "1,2";
			};
			name = Release;
		};
		7A2D2A0A2D3DF050004C11E0 /* Debug */ = {
			isa = XCBuildConfiguration;
			buildSettings = {
				ALWAYS_EMBED_SWIFT_STANDARD_LIBRARIES = YES;
				BUNDLE_LOADER = "$(TEST_HOST)";
				CODE_SIGN_STYLE = Automatic;
				CURRENT_PROJECT_VERSION = 1;
				GENERATE_INFOPLIST_FILE = YES;
				IPHONEOS_DEPLOYMENT_TARGET = 17.5;
				MACOSX_DEPLOYMENT_TARGET = 14.5;
				MARKETING_VERSION = 1.0;
				PRODUCT_BUNDLE_IDENTIFIER = alpha.TradingTests;
				PRODUCT_NAME = "$(TARGET_NAME)";
				SDKROOT = auto;
				SUPPORTED_PLATFORMS = "iphoneos iphonesimulator macosx";
				SWIFT_EMIT_LOC_STRINGS = NO;
				SWIFT_VERSION = 5.0;
				TARGETED_DEVICE_FAMILY = "1,2";
				TEST_HOST = "$(BUILT_PRODUCTS_DIR)/Trading.app/$(BUNDLE_EXECUTABLE_FOLDER_PATH)/Trading";
			};
			name = Debug;
		};
		7A2D2A0B2D3DF050004C11E0 /* Release */ = {
			isa = XCBuildConfiguration;
			buildSettings = {
				ALWAYS_EMBED_SWIFT_STANDARD_LIBRARIES = YES;
				BUNDLE_LOADER = "$(TEST_HOST)";
				CODE_SIGN_STYLE = Automatic;
				CURRENT_PROJECT_VERSION = 1;
				GENERATE_INFOPLIST_FILE = YES;
				IPHONEOS_DEPLOYMENT_TARGET = 17.5;
				MACOSX_DEPLOYMENT_TARGET = 14.5;
				MARKETING_VERSION = 1.0;
				PRODUCT_BUNDLE_IDENTIFIER = alpha.TradingTests;
				PRODUCT_NAME = "$(TARGET_NAME)";
				SDKROOT = auto;
				SUPPORTED_PLATFORMS = "iphoneos iphonesimulator macosx";
				SWIFT_EMIT_LOC_STRINGS = NO;
				SWIFT_VERSION = 5.0;
				TARGETED_DEVICE_FAMILY = "1,2";
				TEST_HOST = "$(BUILT_PRODUCTS_DIR)/Trading.app/$(BUNDLE_EXECUTABLE_FOLDER_PATH)/Trading";
			};
			name = Release;
		};
		7A2D2A0D2D3DF050004C11E0 /* Debug */ = {
			isa = XCBuildConfiguration;
			buildSettings = {
				ALWAYS_EMBED_SWIFT_STANDARD_LIBRARIES = YES;
				CODE_SIGN_STYLE = Automatic;
				CURRENT_PROJECT_VERSION = 1;
				GENERATE_INFOPLIST_FILE = YES;
				IPHONEOS_DEPLOYMENT_TARGET = 17.5;
				MACOSX_DEPLOYMENT_TARGET = 14.5;
				MARKETING_VERSION = 1.0;
				PRODUCT_BUNDLE_IDENTIFIER = alpha.TradingUITests;
				PRODUCT_NAME = "$(TARGET_NAME)";
				SDKROOT = auto;
				SUPPORTED_PLATFORMS = "iphoneos iphonesimulator macosx";
				SWIFT_EMIT_LOC_STRINGS = NO;
				SWIFT_VERSION = 5.0;
				TARGETED_DEVICE_FAMILY = "1,2";
				TEST_TARGET_NAME = Trading;
			};
			name = Debug;
		};
		7A2D2A0E2D3DF050004C11E0 /* Release */ = {
			isa = XCBuildConfiguration;
			buildSettings = {
				ALWAYS_EMBED_SWIFT_STANDARD_LIBRARIES = YES;
				CODE_SIGN_STYLE = Automatic;
				CURRENT_PROJECT_VERSION = 1;
				GENERATE_INFOPLIST_FILE = YES;
				IPHONEOS_DEPLOYMENT_TARGET = 17.5;
				MACOSX_DEPLOYMENT_TARGET = 14.5;
				MARKETING_VERSION = 1.0;
				PRODUCT_BUNDLE_IDENTIFIER = alpha.TradingUITests;
				PRODUCT_NAME = "$(TARGET_NAME)";
				SDKROOT = auto;
				SUPPORTED_PLATFORMS = "iphoneos iphonesimulator macosx";
				SWIFT_EMIT_LOC_STRINGS = NO;
				SWIFT_VERSION = 5.0;
				TARGETED_DEVICE_FAMILY = "1,2";
				TEST_TARGET_NAME = Trading;
			};
			name = Release;
		};
/* End XCBuildConfiguration section */

/* Begin XCConfigurationList section */
		7A2D29D72D3DF049004C11E0 /* Build configuration list for PBXProject "Trading" */ = {
			isa = XCConfigurationList;
			buildConfigurations = (
				7A2D2A042D3DF050004C11E0 /* Debug */,
				7A2D2A052D3DF050004C11E0 /* Release */,
			);
			defaultConfigurationIsVisible = 0;
			defaultConfigurationName = Release;
		};
		7A2D2A062D3DF050004C11E0 /* Build configuration list for PBXNativeTarget "Trading" */ = {
			isa = XCConfigurationList;
			buildConfigurations = (
				7A2D2A072D3DF050004C11E0 /* Debug */,
				7A2D2A082D3DF050004C11E0 /* Release */,
			);
			defaultConfigurationIsVisible = 0;
			defaultConfigurationName = Release;
		};
		7A2D2A092D3DF050004C11E0 /* Build configuration list for PBXNativeTarget "TradingTests" */ = {
			isa = XCConfigurationList;
			buildConfigurations = (
				7A2D2A0A2D3DF050004C11E0 /* Debug */,
				7A2D2A0B2D3DF050004C11E0 /* Release */,
			);
			defaultConfigurationIsVisible = 0;
			defaultConfigurationName = Release;
		};
		7A2D2A0C2D3DF050004C11E0 /* Build configuration list for PBXNativeTarget "TradingUITests" */ = {
			isa = XCConfigurationList;
			buildConfigurations = (
				7A2D2A0D2D3DF050004C11E0 /* Debug */,
				7A2D2A0E2D3DF050004C11E0 /* Release */,
			);
			defaultConfigurationIsVisible = 0;
			defaultConfigurationName = Release;
		};
/* End XCConfigurationList section */

/* Begin XCVersionGroup section */
		7A2D29E32D3DF049004C11E0 /* Trading.xcdatamodeld */ = {
			isa = XCVersionGroup;
			children = (
				7A2D29E42D3DF049004C11E0 /* Trading.xcdatamodel */,
			);
			currentVersion = 7A2D29E42D3DF049004C11E0 /* Trading.xcdatamodel */;
			path = Trading.xcdatamodeld;
			sourceTree = "<group>";
			versionGroupType = wrapper.xcdatamodel;
		};
/* End XCVersionGroup section */
	};
	rootObject = 7A2D29D42D3DF049004C11E0 /* Project object */;
}
