{
  "originHash" : "83e5acc370aa3c5be20e129c4146ecb58d607ccddecee286c53077c1737b0c92",
  "pins" : [
    {
      "identity" : "alphatrading",
      "kind" : "remoteSourceControl",
      "location" : "https://github.com/kztJames01/alphaTrading",
      "state" : {
        "branch" : "secondary",
        "revision" : "7690af347bafaa00f825f04be5328335c35bac3e"
      }
    }
  ],
  "version" : 3
}
